github.com/sudzekai-web-os/types v1.0.4 h1:3W5FgFJ/4/sT2yCLYkevy/Pfk3NSQvqpFv5LeF9z+iw=
github.com/sudzekai-web-os/types v1.0.4/go.mod h1:Jn/g3qidr+vtt+xVwEPdzIwe0eQ2p7xH9OZe/weiWZ0=
github.com/sudzekai-web-os/types v1.0.5 h1:rMrzRzvvXoivDqrnvOIMak64Z2ycMdOhCZHg0Uivgvc=
github.com/sudzekai-web-os/types v1.0.5/go.mod h1:Jn/g3qidr+vtt+xVwEPdzIwe0eQ2p7xH9OZe/weiWZ0=
github.com/sudzekai-web-os/types v1.0.6 h1:rmIDNQtDgrtoEPcmP1mKgJ59TwjnIn3Z9qPatCcRmLs=
github.com/sudzekai-web-os/types v1.0.6/go.mod h1:Jn/g3qidr+vtt+xVwEPdzIwe0eQ2p7xH9OZe/weiWZ0=
